
Microsoft Visual Studio Solution File, Format Version 12.00
# Visual Studio 2017
Project("{FAE04EC0-301F-11D3-BF4B-00C04F79EFBC}") = "kromeSwan", "kromeSwan.csproj", "{BCAFD3C5-1F09-43E6-9E2B-20C74C6CA586}"
EndProject
Global
	GlobalSection(SolutionConfigurationPlatforms) = preSolution
		Debug|Any CPU = Debug|Any CPU
		Release|Any CPU = Release|Any CPU
	EndGlobalSection
	GlobalSection(ProjectConfigurationPlatforms) = postSolution
		{BCAFD3C5-1F09-43E6-9E2B-20C74C6CA586}.Debug|Any CPU.ActiveCfg = Debug|Any CPU
		{BCAFD3C5-1F09-43E6-9E2B-20C74C6CA586}.Debug|Any CPU.Build.0 = Debug|Any CPU
		{BCAFD3C5-1F09-43E6-9E2B-20C74C6CA586}.Release|Any CPU.ActiveCfg = Release|Any CPU
		{BCAFD3C5-1F09-43E6-9E2B-20C74C6CA586}.Release|Any CPU.Build.0 = Release|Any CPU
	EndGlobalSection
EndGlobal
